Microsoft Visual Studio Solution File, Format Version 8.00
Project("{8BC9CEB8-8B4A-11D0-8D11-00A0C91BC942}") = "all", "all.vcproj", "{5CB3B96A-1CFF-49AD-AF5F-35203E0492F2}"
	ProjectSection(ProjectDependencies) = postProject
		{D50B8203-D6C2-4EC9-907C-F01A3BDA71AC} = {D50B8203-D6C2-4EC9-907C-F01A3BDA71AC}
		{4137D986-8134-44FB-A482-50CC046CC450} = {4137D986-8134-44FB-A482-50CC046CC450}
		{77DEDE54-768E-4ECA-9B2C-EF57ADFC0A05} = {77DEDE54-768E-4ECA-9B2C-EF57ADFC0A05}
		{3D641981-D76D-412B-AD0F-EC2CF58611AA} = {3D641981-D76D-412B-AD0F-EC2CF58611AA}
		{D6CF56C7-5E6D-4C9E-A81C-F3EEE29951AC} = {D6CF56C7-5E6D-4C9E-A81C-F3EEE29951AC}
	EndProjectSection
EndProject
Project("{8BC9CEB8-8B4A-11D0-8D11-00A0C91BC942}") = "configwin32", "configwin32.vcproj", "{E5089B87-0C26-47A9-B758-CC0C718F7987}"
	ProjectSection(ProjectDependencies) = postProject
	EndProjectSection
EndProject
Project("{8BC9CEB8-8B4A-11D0-8D11-00A0C91BC942}") = "cpptest", "cpptest.vcproj", "{2040C78A-0231-4C59-BBD7-61DB95FA85B1}"
	ProjectSection(ProjectDependencies) = postProject
		{26FCCB92-53CA-40F3-AC9F-2EFFC745BD79} = {26FCCB92-53CA-40F3-AC9F-2EFFC745BD79}
	EndProjectSection
EndProject
Project("{8BC9CEB8-8B4A-11D0-8D11-00A0C91BC942}") = "gennmtab", "..\lib\expat\gennmtab\gennmtab.vcproj", "{9E017925-D88F-46A2-892F-EF1FCCAE170F}"
	ProjectSection(ProjectDependencies) = postProject
		{E5089B87-0C26-47A9-B758-CC0C718F7987} = {E5089B87-0C26-47A9-B758-CC0C718F7987}
	EndProjectSection
EndProject
Project("{8BC9CEB8-8B4A-11D0-8D11-00A0C91BC942}") = "query_meerkat", "query_meerkat.vcproj", "{6DF77399-72AE-4155-A30D-7AEFF8A0A914}"
	ProjectSection(ProjectDependencies) = postProject
		{26FCCB92-53CA-40F3-AC9F-2EFFC745BD79} = {26FCCB92-53CA-40F3-AC9F-2EFFC745BD79}
	EndProjectSection
EndProject
Project("{8BC9CEB8-8B4A-11D0-8D11-00A0C91BC942}") = "rpctest", "rpctest.vcproj", "{D50B8203-D6C2-4EC9-907C-F01A3BDA71AC}"
	ProjectSection(ProjectDependencies) = postProject
		{26FCCB92-53CA-40F3-AC9F-2EFFC745BD79} = {26FCCB92-53CA-40F3-AC9F-2EFFC745BD79}
	EndProjectSection
EndProject
Project("{8BC9CEB8-8B4A-11D0-8D11-00A0C91BC942}") = "xmlparse", "..\lib\expat\xmlparse\xmlparse.vcproj", "{401073F1-642F-4CE3-B38E-6F5321758C93}"
	ProjectSection(ProjectDependencies) = postProject
		{D9B03722-EA42-40C7-A1A8-01282B600948} = {D9B03722-EA42-40C7-A1A8-01282B600948}
	EndProjectSection
EndProject
Project("{8BC9CEB8-8B4A-11D0-8D11-00A0C91BC942}") = "xmlrpc", "xmlrpc.vcproj", "{26FCCB92-53CA-40F3-AC9F-2EFFC745BD79}"
	ProjectSection(ProjectDependencies) = postProject
		{401073F1-642F-4CE3-B38E-6F5321758C93} = {401073F1-642F-4CE3-B38E-6F5321758C93}
	EndProjectSection
EndProject
Project("{8BC9CEB8-8B4A-11D0-8D11-00A0C91BC942}") = "xmlrpc_sample_add_asynch_client", "xmlrpc_sample_add_asynch_client.vcproj", "{D6CF56C7-5E6D-4C9E-A81C-F3EEE29951AC}"
	ProjectSection(ProjectDependencies) = postProject
		{26FCCB92-53CA-40F3-AC9F-2EFFC745BD79} = {26FCCB92-53CA-40F3-AC9F-2EFFC745BD79}
	EndProjectSection
EndProject
Project("{8BC9CEB8-8B4A-11D0-8D11-00A0C91BC942}") = "xmlrpc_sample_add_server", "xmlrpc_sample_add_server.vcproj", "{3D641981-D76D-412B-AD0F-EC2CF58611AA}"
	ProjectSection(ProjectDependencies) = postProject
		{26FCCB92-53CA-40F3-AC9F-2EFFC745BD79} = {26FCCB92-53CA-40F3-AC9F-2EFFC745BD79}
	EndProjectSection
EndProject
Project("{8BC9CEB8-8B4A-11D0-8D11-00A0C91BC942}") = "xmlrpc_sample_add_server_w32httpsys", "xmlrpc_sample_add_server_w32httpsys.vcproj", "{80160353-BE0D-463C-A87A-BBFBD977DB3B}"
	ProjectSection(ProjectDependencies) = postProject
		{26FCCB92-53CA-40F3-AC9F-2EFFC745BD79} = {26FCCB92-53CA-40F3-AC9F-2EFFC745BD79}
	EndProjectSection
EndProject
Project("{8BC9CEB8-8B4A-11D0-8D11-00A0C91BC942}") = "xmlrpc_sample_add_sync_client", "xmlrpc_sample_add_sync_client.vcproj", "{77DEDE54-768E-4ECA-9B2C-EF57ADFC0A05}"
	ProjectSection(ProjectDependencies) = postProject
		{26FCCB92-53CA-40F3-AC9F-2EFFC745BD79} = {26FCCB92-53CA-40F3-AC9F-2EFFC745BD79}
	EndProjectSection
EndProject
Project("{8BC9CEB8-8B4A-11D0-8D11-00A0C91BC942}") = "xmlrpc_sample_auth_client", "xmlrpc_sample_auth_client.vcproj", "{4137D986-8134-44FB-A482-50CC046CC450}"
	ProjectSection(ProjectDependencies) = postProject
		{26FCCB92-53CA-40F3-AC9F-2EFFC745BD79} = {26FCCB92-53CA-40F3-AC9F-2EFFC745BD79}
	EndProjectSection
EndProject
Project("{8BC9CEB8-8B4A-11D0-8D11-00A0C91BC942}") = "xmltok", "..\lib\expat\xmltok\xmltok.vcproj", "{D9B03722-EA42-40C7-A1A8-01282B600948}"
	ProjectSection(ProjectDependencies) = postProject
		{9E017925-D88F-46A2-892F-EF1FCCAE170F} = {9E017925-D88F-46A2-892F-EF1FCCAE170F}
	EndProjectSection
EndProject
Global
	GlobalSection(SolutionConfiguration) = preSolution
		Debug = Debug
		Debug DLL = Debug DLL
		MinSize DLL = MinSize DLL
		Release = Release
		Release DLL = Release DLL
	EndGlobalSection
	GlobalSection(ProjectConfiguration) = postSolution
		{5CB3B96A-1CFF-49AD-AF5F-35203E0492F2}.Debug.ActiveCfg = Debug|Win32
		{5CB3B96A-1CFF-49AD-AF5F-35203E0492F2}.Debug.Build.0 = Debug|Win32
		{5CB3B96A-1CFF-49AD-AF5F-35203E0492F2}.Debug DLL.ActiveCfg = Debug|Win32
		{5CB3B96A-1CFF-49AD-AF5F-35203E0492F2}.Debug DLL.Build.0 = Debug|Win32
		{5CB3B96A-1CFF-49AD-AF5F-35203E0492F2}.MinSize DLL.ActiveCfg = Release|Win32
		{5CB3B96A-1CFF-49AD-AF5F-35203E0492F2}.MinSize DLL.Build.0 = Release|Win32
		{5CB3B96A-1CFF-49AD-AF5F-35203E0492F2}.Release.ActiveCfg = Release|Win32
		{5CB3B96A-1CFF-49AD-AF5F-35203E0492F2}.Release.Build.0 = Release|Win32
		{5CB3B96A-1CFF-49AD-AF5F-35203E0492F2}.Release DLL.ActiveCfg = Release|Win32
		{5CB3B96A-1CFF-49AD-AF5F-35203E0492F2}.Release DLL.Build.0 = Release|Win32
		{E5089B87-0C26-47A9-B758-CC0C718F7987}.Debug.ActiveCfg = Debug|Win32
		{E5089B87-0C26-47A9-B758-CC0C718F7987}.Debug.Build.0 = Debug|Win32
		{E5089B87-0C26-47A9-B758-CC0C718F7987}.Debug DLL.ActiveCfg = Debug|Win32
		{E5089B87-0C26-47A9-B758-CC0C718F7987}.Debug DLL.Build.0 = Debug|Win32
		{E5089B87-0C26-47A9-B758-CC0C718F7987}.MinSize DLL.ActiveCfg = Release|Win32
		{E5089B87-0C26-47A9-B758-CC0C718F7987}.MinSize DLL.Build.0 = Release|Win32
		{E5089B87-0C26-47A9-B758-CC0C718F7987}.Release.ActiveCfg = Release|Win32
		{E5089B87-0C26-47A9-B758-CC0C718F7987}.Release.Build.0 = Release|Win32
		{E5089B87-0C26-47A9-B758-CC0C718F7987}.Release DLL.ActiveCfg = Release|Win32
		{E5089B87-0C26-47A9-B758-CC0C718F7987}.Release DLL.Build.0 = Release|Win32
		{2040C78A-0231-4C59-BBD7-61DB95FA85B1}.Debug.ActiveCfg = Debug|Win32
		{2040C78A-0231-4C59-BBD7-61DB95FA85B1}.Debug.Build.0 = Debug|Win32
		{2040C78A-0231-4C59-BBD7-61DB95FA85B1}.Debug DLL.ActiveCfg = Debug|Win32
		{2040C78A-0231-4C59-BBD7-61DB95FA85B1}.Debug DLL.Build.0 = Debug|Win32
		{2040C78A-0231-4C59-BBD7-61DB95FA85B1}.MinSize DLL.ActiveCfg = Debug|Win32
		{2040C78A-0231-4C59-BBD7-61DB95FA85B1}.MinSize DLL.Build.0 = Debug|Win32
		{2040C78A-0231-4C59-BBD7-61DB95FA85B1}.Release.ActiveCfg = Release|Win32
		{2040C78A-0231-4C59-BBD7-61DB95FA85B1}.Release.Build.0 = Release|Win32
		{2040C78A-0231-4C59-BBD7-61DB95FA85B1}.Release DLL.ActiveCfg = Release|Win32
		{2040C78A-0231-4C59-BBD7-61DB95FA85B1}.Release DLL.Build.0 = Release|Win32
		{9E017925-D88F-46A2-892F-EF1FCCAE170F}.Debug.ActiveCfg = Debug|Win32
		{9E017925-D88F-46A2-892F-EF1FCCAE170F}.Debug.Build.0 = Debug|Win32
		{9E017925-D88F-46A2-892F-EF1FCCAE170F}.Debug DLL.ActiveCfg = Debug|Win32
		{9E017925-D88F-46A2-892F-EF1FCCAE170F}.Debug DLL.Build.0 = Debug|Win32
		{9E017925-D88F-46A2-892F-EF1FCCAE170F}.MinSize DLL.ActiveCfg = Release|Win32
		{9E017925-D88F-46A2-892F-EF1FCCAE170F}.MinSize DLL.Build.0 = Release|Win32
		{9E017925-D88F-46A2-892F-EF1FCCAE170F}.Release.ActiveCfg = Release|Win32
		{9E017925-D88F-46A2-892F-EF1FCCAE170F}.Release.Build.0 = Release|Win32
		{9E017925-D88F-46A2-892F-EF1FCCAE170F}.Release DLL.ActiveCfg = Release|Win32
		{9E017925-D88F-46A2-892F-EF1FCCAE170F}.Release DLL.Build.0 = Release|Win32
		{6DF77399-72AE-4155-A30D-7AEFF8A0A914}.Debug.ActiveCfg = Debug|Win32
		{6DF77399-72AE-4155-A30D-7AEFF8A0A914}.Debug.Build.0 = Debug|Win32
		{6DF77399-72AE-4155-A30D-7AEFF8A0A914}.Debug DLL.ActiveCfg = Debug|Win32
		{6DF77399-72AE-4155-A30D-7AEFF8A0A914}.Debug DLL.Build.0 = Debug|Win32
		{6DF77399-72AE-4155-A30D-7AEFF8A0A914}.MinSize DLL.ActiveCfg = Release|Win32
		{6DF77399-72AE-4155-A30D-7AEFF8A0A914}.MinSize DLL.Build.0 = Release|Win32
		{6DF77399-72AE-4155-A30D-7AEFF8A0A914}.Release.ActiveCfg = Release|Win32
		{6DF77399-72AE-4155-A30D-7AEFF8A0A914}.Release.Build.0 = Release|Win32
		{6DF77399-72AE-4155-A30D-7AEFF8A0A914}.Release DLL.ActiveCfg = Release|Win32
		{6DF77399-72AE-4155-A30D-7AEFF8A0A914}.Release DLL.Build.0 = Release|Win32
		{D50B8203-D6C2-4EC9-907C-F01A3BDA71AC}.Debug.ActiveCfg = Debug|Win32
		{D50B8203-D6C2-4EC9-907C-F01A3BDA71AC}.Debug.Build.0 = Debug|Win32
		{D50B8203-D6C2-4EC9-907C-F01A3BDA71AC}.Debug DLL.ActiveCfg = Debug|Win32
		{D50B8203-D6C2-4EC9-907C-F01A3BDA71AC}.Debug DLL.Build.0 = Debug|Win32
		{D50B8203-D6C2-4EC9-907C-F01A3BDA71AC}.MinSize DLL.ActiveCfg = Release|Win32
		{D50B8203-D6C2-4EC9-907C-F01A3BDA71AC}.MinSize DLL.Build.0 = Release|Win32
		{D50B8203-D6C2-4EC9-907C-F01A3BDA71AC}.Release.ActiveCfg = Release|Win32
		{D50B8203-D6C2-4EC9-907C-F01A3BDA71AC}.Release.Build.0 = Release|Win32
		{D50B8203-D6C2-4EC9-907C-F01A3BDA71AC}.Release DLL.ActiveCfg = Release|Win32
		{D50B8203-D6C2-4EC9-907C-F01A3BDA71AC}.Release DLL.Build.0 = Release|Win32
		{401073F1-642F-4CE3-B38E-6F5321758C93}.Debug.ActiveCfg = Debug|Win32
		{401073F1-642F-4CE3-B38E-6F5321758C93}.Debug.Build.0 = Debug|Win32
		{401073F1-642F-4CE3-B38E-6F5321758C93}.Debug DLL.ActiveCfg = Debug DLL|Win32
		{401073F1-642F-4CE3-B38E-6F5321758C93}.Debug DLL.Build.0 = Debug DLL|Win32
		{401073F1-642F-4CE3-B38E-6F5321758C93}.MinSize DLL.ActiveCfg = MinSize DLL|Win32
		{401073F1-642F-4CE3-B38E-6F5321758C93}.MinSize DLL.Build.0 = MinSize DLL|Win32
		{401073F1-642F-4CE3-B38E-6F5321758C93}.Release.ActiveCfg = Release|Win32
		{401073F1-642F-4CE3-B38E-6F5321758C93}.Release.Build.0 = Release|Win32
		{401073F1-642F-4CE3-B38E-6F5321758C93}.Release DLL.ActiveCfg = Release DLL|Win32
		{401073F1-642F-4CE3-B38E-6F5321758C93}.Release DLL.Build.0 = Release DLL|Win32
		{26FCCB92-53CA-40F3-AC9F-2EFFC745BD79}.Debug.ActiveCfg = Debug|Win32
		{26FCCB92-53CA-40F3-AC9F-2EFFC745BD79}.Debug.Build.0 = Debug|Win32
		{26FCCB92-53CA-40F3-AC9F-2EFFC745BD79}.Debug DLL.ActiveCfg = Debug|Win32
		{26FCCB92-53CA-40F3-AC9F-2EFFC745BD79}.Debug DLL.Build.0 = Debug|Win32
		{26FCCB92-53CA-40F3-AC9F-2EFFC745BD79}.MinSize DLL.ActiveCfg = Release|Win32
		{26FCCB92-53CA-40F3-AC9F-2EFFC745BD79}.MinSize DLL.Build.0 = Release|Win32
		{26FCCB92-53CA-40F3-AC9F-2EFFC745BD79}.Release.ActiveCfg = Release|Win32
		{26FCCB92-53CA-40F3-AC9F-2EFFC745BD79}.Release.Build.0 = Release|Win32
		{26FCCB92-53CA-40F3-AC9F-2EFFC745BD79}.Release DLL.ActiveCfg = Release|Win32
		{26FCCB92-53CA-40F3-AC9F-2EFFC745BD79}.Release DLL.Build.0 = Release|Win32
		{D6CF56C7-5E6D-4C9E-A81C-F3EEE29951AC}.Debug.ActiveCfg = Debug|Win32
		{D6CF56C7-5E6D-4C9E-A81C-F3EEE29951AC}.Debug.Build.0 = Debug|Win32
		{D6CF56C7-5E6D-4C9E-A81C-F3EEE29951AC}.Debug DLL.ActiveCfg = Debug|Win32
		{D6CF56C7-5E6D-4C9E-A81C-F3EEE29951AC}.Debug DLL.Build.0 = Debug|Win32
		{D6CF56C7-5E6D-4C9E-A81C-F3EEE29951AC}.MinSize DLL.ActiveCfg = Release|Win32
		{D6CF56C7-5E6D-4C9E-A81C-F3EEE29951AC}.MinSize DLL.Build.0 = Release|Win32
		{D6CF56C7-5E6D-4C9E-A81C-F3EEE29951AC}.Release.ActiveCfg = Release|Win32
		{D6CF56C7-5E6D-4C9E-A81C-F3EEE29951AC}.Release.Build.0 = Release|Win32
		{D6CF56C7-5E6D-4C9E-A81C-F3EEE29951AC}.Release DLL.ActiveCfg = Release|Win32
		{D6CF56C7-5E6D-4C9E-A81C-F3EEE29951AC}.Release DLL.Build.0 = Release|Win32
		{3D641981-D76D-412B-AD0F-EC2CF58611AA}.Debug.ActiveCfg = Debug|Win32
		{3D641981-D76D-412B-AD0F-EC2CF58611AA}.Debug.Build.0 = Debug|Win32
		{3D641981-D76D-412B-AD0F-EC2CF58611AA}.Debug DLL.ActiveCfg = Debug|Win32
		{3D641981-D76D-412B-AD0F-EC2CF58611AA}.Debug DLL.Build.0 = Debug|Win32
		{3D641981-D76D-412B-AD0F-EC2CF58611AA}.MinSize DLL.ActiveCfg = Debug|Win32
		{3D641981-D76D-412B-AD0F-EC2CF58611AA}.MinSize DLL.Build.0 = Debug|Win32
		{3D641981-D76D-412B-AD0F-EC2CF58611AA}.Release.ActiveCfg = Release|Win32
		{3D641981-D76D-412B-AD0F-EC2CF58611AA}.Release.Build.0 = Release|Win32
		{3D641981-D76D-412B-AD0F-EC2CF58611AA}.Release DLL.ActiveCfg = Release|Win32
		{3D641981-D76D-412B-AD0F-EC2CF58611AA}.Release DLL.Build.0 = Release|Win32
		{80160353-BE0D-463C-A87A-BBFBD977DB3B}.Debug.ActiveCfg = Debug|Win32
		{80160353-BE0D-463C-A87A-BBFBD977DB3B}.Debug.Build.0 = Debug|Win32
		{80160353-BE0D-463C-A87A-BBFBD977DB3B}.Debug DLL.ActiveCfg = Debug|Win32
		{80160353-BE0D-463C-A87A-BBFBD977DB3B}.Debug DLL.Build.0 = Debug|Win32
		{80160353-BE0D-463C-A87A-BBFBD977DB3B}.MinSize DLL.ActiveCfg = Release|Win32
		{80160353-BE0D-463C-A87A-BBFBD977DB3B}.MinSize DLL.Build.0 = Release|Win32
		{80160353-BE0D-463C-A87A-BBFBD977DB3B}.Release.ActiveCfg = Release|Win32
		{80160353-BE0D-463C-A87A-BBFBD977DB3B}.Release.Build.0 = Release|Win32
		{80160353-BE0D-463C-A87A-BBFBD977DB3B}.Release DLL.ActiveCfg = Release|Win32
		{80160353-BE0D-463C-A87A-BBFBD977DB3B}.Release DLL.Build.0 = Release|Win32
		{77DEDE54-768E-4ECA-9B2C-EF57ADFC0A05}.Debug.ActiveCfg = Debug|Win32
		{77DEDE54-768E-4ECA-9B2C-EF57ADFC0A05}.Debug.Build.0 = Debug|Win32
		{77DEDE54-768E-4ECA-9B2C-EF57ADFC0A05}.Debug DLL.ActiveCfg = Debug|Win32
		{77DEDE54-768E-4ECA-9B2C-EF57ADFC0A05}.Debug DLL.Build.0 = Debug|Win32
		{77DEDE54-768E-4ECA-9B2C-EF57ADFC0A05}.MinSize DLL.ActiveCfg = Release|Win32
		{77DEDE54-768E-4ECA-9B2C-EF57ADFC0A05}.MinSize DLL.Build.0 = Release|Win32
		{77DEDE54-768E-4ECA-9B2C-EF57ADFC0A05}.Release.ActiveCfg = Release|Win32
		{77DEDE54-768E-4ECA-9B2C-EF57ADFC0A05}.Release.Build.0 = Release|Win32
		{77DEDE54-768E-4ECA-9B2C-EF57ADFC0A05}.Release DLL.ActiveCfg = Release|Win32
		{77DEDE54-768E-4ECA-9B2C-EF57ADFC0A05}.Release DLL.Build.0 = Release|Win32
		{4137D986-8134-44FB-A482-50CC046CC450}.Debug.ActiveCfg = Debug|Win32
		{4137D986-8134-44FB-A482-50CC046CC450}.Debug.Build.0 = Debug|Win32
		{4137D986-8134-44FB-A482-50CC046CC450}.Debug DLL.ActiveCfg = Debug|Win32
		{4137D986-8134-44FB-A482-50CC046CC450}.Debug DLL.Build.0 = Debug|Win32
		{4137D986-8134-44FB-A482-50CC046CC450}.MinSize DLL.ActiveCfg = Debug|Win32
		{4137D986-8134-44FB-A482-50CC046CC450}.MinSize DLL.Build.0 = Debug|Win32
		{4137D986-8134-44FB-A482-50CC046CC450}.Release.ActiveCfg = Release|Win32
		{4137D986-8134-44FB-A482-50CC046CC450}.Release.Build.0 = Release|Win32
		{4137D986-8134-44FB-A482-50CC046CC450}.Release DLL.ActiveCfg = Release|Win32
		{4137D986-8134-44FB-A482-50CC046CC450}.Release DLL.Build.0 = Release|Win32
		{D9B03722-EA42-40C7-A1A8-01282B600948}.Debug.ActiveCfg = Debug|Win32
		{D9B03722-EA42-40C7-A1A8-01282B600948}.Debug.Build.0 = Debug|Win32
		{D9B03722-EA42-40C7-A1A8-01282B600948}.Debug DLL.ActiveCfg = Debug DLL|Win32
		{D9B03722-EA42-40C7-A1A8-01282B600948}.Debug DLL.Build.0 = Debug DLL|Win32
		{D9B03722-EA42-40C7-A1A8-01282B600948}.MinSize DLL.ActiveCfg = Debug DLL|Win32
		{D9B03722-EA42-40C7-A1A8-01282B600948}.MinSize DLL.Build.0 = Debug DLL|Win32
		{D9B03722-EA42-40C7-A1A8-01282B600948}.Release.ActiveCfg = Release|Win32
		{D9B03722-EA42-40C7-A1A8-01282B600948}.Release.Build.0 = Release|Win32
		{D9B03722-EA42-40C7-A1A8-01282B600948}.Release DLL.ActiveCfg = Release DLL|Win32
		{D9B03722-EA42-40C7-A1A8-01282B600948}.Release DLL.Build.0 = Release DLL|Win32
	EndGlobalSection
	GlobalSection(ExtensibilityGlobals) = postSolution
	EndGlobalSection
	GlobalSection(ExtensibilityAddIns) = postSolution
	EndGlobalSection
EndGlobal
